
Microsoft Visual Studio Solution File, Format Version 12.00
# Visual Studio 15
VisualStudioVersion = 15.0.36217.24
MinimumVisualStudioVersion = 10.0.40219.1
Project("{159641D6-6404-4A2A-AE62-294DE0FE8301}") = "ETL_Cubo_Vendas", "ETL_Cubo_Vendas\ETL_Cubo_Vendas.dtproj", "{FE6B3631-E4A4-4765-BDF6-AB5AF25F720A}"
EndProject
Global
	GlobalSection(SolutionConfigurationPlatforms) = preSolution
		Azure|Default = Azure|Default
		Development|Default = Development|Default
	EndGlobalSection
	GlobalSection(ProjectConfigurationPlatforms) = postSolution
		{FE6B3631-E4A4-4765-BDF6-AB5AF25F720A}.Azure|Default.ActiveCfg = Azure
		{FE6B3631-E4A4-4765-BDF6-AB5AF25F720A}.Azure|Default.Build.0 = Azure
		{FE6B3631-E4A4-4765-BDF6-AB5AF25F720A}.Development|Default.ActiveCfg = Development
		{FE6B3631-E4A4-4765-BDF6-AB5AF25F720A}.Development|Default.Build.0 = Development
	EndGlobalSection
	GlobalSection(SolutionProperties) = preSolution
		HideSolutionNode = FALSE
	EndGlobalSection
	GlobalSection(ExtensibilityGlobals) = postSolution
		SolutionGuid = {16CB1C84-9893-439A-ADD4-8060B12C00F2}
	EndGlobalSection
EndGlobal
